
Microsoft Visual Studio Solution File, Format Version 12.00
# Visual Studio 15
VisualStudioVersion = 15.0.28307.421
MinimumVisualStudioVersion = 10.0.40219.1
Project("{8BC9CEB8-8B4A-11D0-8D11-00A0C91BC942}") = "Universalem", "Universalem\Universalem.vcxproj", "{5B1E3912-DB67-4969-986E-AFC4E4354341}"
EndProject
Global
	GlobalSection(SolutionConfigurationPlatforms) = preSolution
		Debug|x64 = Debug|x64
		Debug|x86 = Debug|x86
		Release|x64 = Release|x64
		Release|x86 = Release|x86
	EndGlobalSection
	GlobalSection(ProjectConfigurationPlatforms) = postSolution
		{5B1E3912-DB67-4969-986E-AFC4E4354341}.Debug|x64.ActiveCfg = Debug|x64
		{5B1E3912-DB67-4969-986E-AFC4E4354341}.Debug|x64.Build.0 = Debug|x64
		{5B1E3912-DB67-4969-986E-AFC4E4354341}.Debug|x86.ActiveCfg = Debug|Win32
		{5B1E3912-DB67-4969-986E-AFC4E4354341}.Debug|x86.Build.0 = Debug|Win32
		{5B1E3912-DB67-4969-986E-AFC4E4354341}.Release|x64.ActiveCfg = Release|x64
		{5B1E3912-DB67-4969-986E-AFC4E4354341}.Release|x64.Build.0 = Release|x64
		{5B1E3912-DB67-4969-986E-AFC4E4354341}.Release|x86.ActiveCfg = Release|Win32
		{5B1E3912-DB67-4969-986E-AFC4E4354341}.Release|x86.Build.0 = Release|Win32
	EndGlobalSection
	GlobalSection(SolutionProperties) = preSolution
		HideSolutionNode = FALSE
	EndGlobalSection
	GlobalSection(ExtensibilityGlobals) = postSolution
		SolutionGuid = {FD3FC29F-A2B5-49D1-BC12-117D250D76F3}
	EndGlobalSection
EndGlobal
